
Microsoft Visual Studio Solution File, Format Version 12.00
# Visual Studio Version 16
VisualStudioVersion = 16.0.32228.343
MinimumVisualStudioVersion = 10.0.40219.1
Project("{FAE04EC0-301F-11D3-BF4B-00C04F79EFBC}") = "Sistema.Datos", "Sistema.Datos\Sistema.Datos.csproj", "{882FAF97-EA04-4683-8901-13ADC0448934}"
EndProject
Project("{FAE04EC0-301F-11D3-BF4B-00C04F79EFBC}") = "Sistema.Entidades", "Sistema.Entidades\Sistema.Entidades.csproj", "{EDE25CEA-FA4C-4E63-9662-C3ADACBF77FF}"
EndProject
Project("{FAE04EC0-301F-11D3-BF4B-00C04F79EFBC}") = "Sistema.Web", "Sistema.Web\Sistema.Web.csproj", "{308CE6F2-FD2D-4114-B24F-B0B107276F75}"
EndProject
Global
	GlobalSection(SolutionConfigurationPlatforms) = preSolution
		Debug|Any CPU = Debug|Any CPU
		Release|Any CPU = Release|Any CPU
	EndGlobalSection
	GlobalSection(ProjectConfigurationPlatforms) = postSolution
		{882FAF97-EA04-4683-8901-13ADC0448934}.Debug|Any CPU.ActiveCfg = Debug|Any CPU
		{882FAF97-EA04-4683-8901-13ADC0448934}.Debug|Any CPU.Build.0 = Debug|Any CPU
		{882FAF97-EA04-4683-8901-13ADC0448934}.Release|Any CPU.ActiveCfg = Release|Any CPU
		{882FAF97-EA04-4683-8901-13ADC0448934}.Release|Any CPU.Build.0 = Release|Any CPU
		{EDE25CEA-FA4C-4E63-9662-C3ADACBF77FF}.Debug|Any CPU.ActiveCfg = Debug|Any CPU
		{EDE25CEA-FA4C-4E63-9662-C3ADACBF77FF}.Debug|Any CPU.Build.0 = Debug|Any CPU
		{EDE25CEA-FA4C-4E63-9662-C3ADACBF77FF}.Release|Any CPU.ActiveCfg = Release|Any CPU
		{EDE25CEA-FA4C-4E63-9662-C3ADACBF77FF}.Release|Any CPU.Build.0 = Release|Any CPU
		{308CE6F2-FD2D-4114-B24F-B0B107276F75}.Debug|Any CPU.ActiveCfg = Debug|Any CPU
		{308CE6F2-FD2D-4114-B24F-B0B107276F75}.Debug|Any CPU.Build.0 = Debug|Any CPU
		{308CE6F2-FD2D-4114-B24F-B0B107276F75}.Release|Any CPU.ActiveCfg = Release|Any CPU
		{308CE6F2-FD2D-4114-B24F-B0B107276F75}.Release|Any CPU.Build.0 = Release|Any CPU
	EndGlobalSection
	GlobalSection(SolutionProperties) = preSolution
		HideSolutionNode = FALSE
	EndGlobalSection
	GlobalSection(ExtensibilityGlobals) = postSolution
		SolutionGuid = {F0D06CF7-38FB-4F68-90D3-995BEDD92569}
	EndGlobalSection
EndGlobal
